
Microsoft Visual Studio Solution File, Format Version 12.00
# Visual Studio Version 16
VisualStudioVersion = 16.0.30204.135
MinimumVisualStudioVersion = 10.0.40219.1
Project("{FAE04EC0-301F-11D3-BF4B-00C04F79EFBC}") = "Sample05", "Sample05\Sample05.csproj", "{EBF7BB65-0609-4787-87A6-504192C9A3C0}"
EndProject
Global
	GlobalSection(SolutionConfigurationPlatforms) = preSolution
		Debug|Any CPU = Debug|Any CPU
		Release|Any CPU = Release|Any CPU
	EndGlobalSection
	GlobalSection(ProjectConfigurationPlatforms) = postSolution
		{EBF7BB65-0609-4787-87A6-504192C9A3C0}.Debug|Any CPU.ActiveCfg = Debug|Any CPU
		{EBF7BB65-0609-4787-87A6-504192C9A3C0}.Debug|Any CPU.Build.0 = Debug|Any CPU
		{EBF7BB65-0609-4787-87A6-504192C9A3C0}.Release|Any CPU.ActiveCfg = Release|Any CPU
		{EBF7BB65-0609-4787-87A6-504192C9A3C0}.Release|Any CPU.Build.0 = Release|Any CPU
	EndGlobalSection
	GlobalSection(SolutionProperties) = preSolution
		HideSolutionNode = FALSE
	EndGlobalSection
	GlobalSection(ExtensibilityGlobals) = postSolution
		SolutionGuid = {0D25E330-1D8C-4F39-97A8-1B34ABF8FC18}
	EndGlobalSection
EndGlobal
